<?xml version="1.0" encoding="utf-8"?>
<Project ToolsVersion="4.0" xmlns="http://schemas.microsoft.com/developer/msbuild/2003">
  <ItemGroup>
    <Filter Include="Quelldateien">
      <UniqueIdentifier>{4FC737F1-C7A5-4376-A066-2A32D752A2FF}</UniqueIdentifier>
      <Extensions>cpp;c;cc;cxx;def;odl;idl;hpj;bat;asm;asmx</Extensions>
    </Filter>
    <Filter Include="Headerdateien">
      <UniqueIdentifier>{93995380-89BD-4b04-88EB-625FBE52EBFB}</UniqueIdentifier>
      <Extensions>h;hh;hpp;hxx;hm;inl;inc;xsd</Extensions>
    </Filter>
    <Filter Include="Ressourcendateien">
      <UniqueIdentifier>{67DA6AB6-F800-4c08-8B7A-83BB121AAD01}</UniqueIdentifier>
      <Extensions>rc;ico;cur;bmp;dlg;rc2;rct;bin;rgs;gif;jpg;jpeg;jpe;resx;tiff;tif;png;wav;mfcribbon-ms</Extensions>
    </Filter>
    <Filter Include="Headerdateien\Satellites">
      <UniqueIdentifier>{1bfa95b9-b535-4f2d-9fef-f664fb87ce27}</UniqueIdentifier>
    </Filter>
    <Filter Include="Headerdateien\IntegratorAndGenModels">
      <UniqueIdentifier>{2ccb88ca-a5e9-44d5-8147-71e1177189d7}</UniqueIdentifier>
    </Filter>
    <Filter Include="Headerdateien\Form">
      <UniqueIdentifier>{305d69c2-f319-4c31-843a-e6b6b35018da}</UniqueIdentifier>
    </Filter>
    <Filter Include="Quelldateien\IntegratorAndGenModels">
      <UniqueIdentifier>{c512e406-fb66-45bd-b148-8c023d478760}</UniqueIdentifier>
    </Filter>
    <Filter Include="Quelldateien\Satellites">
      <UniqueIdentifier>{b2443004-9723-4263-9bbc-0d3dbe286b6b}</UniqueIdentifier>
    </Filter>
    <Filter Include="Quelldateien\Form">
      <UniqueIdentifier>{72294cca-c050-436c-847b-ebd49208d3c4}</UniqueIdentifier>
    </Filter>
    <Filter Include="Headerdateien\CalmanFilter">
      <UniqueIdentifier>{6aff2ba9-4250-4bdf-8e29-ce831f4f5907}</UniqueIdentifier>
    </Filter>
    <Filter Include="Quelldateien\CalmanFilter">
      <UniqueIdentifier>{502125a3-d885-4016-acc7-308440d05594}</UniqueIdentifier>
    </Filter>
  </ItemGroup>
  <ItemGroup>
    <Text Include="ReadMe.txt" />
    <Text Include="out.txt">
      <Filter>Ressourcendateien</Filter>
    </Text>
  </ItemGroup>
  <ItemGroup>
    <ClInclude Include="Form1.h">
      <Filter>Headerdateien</Filter>
    </ClInclude>
    <ClInclude Include="Matrix_classes.h">
      <Filter>Headerdateien\IntegratorAndGenModels</Filter>
    </ClInclude>
    <ClInclude Include="TQuaternion.h">
      <Filter>Headerdateien\IntegratorAndGenModels</Filter>
    </ClInclude>
    <ClInclude Include="TModel.h">
      <Filter>Headerdateien\IntegratorAndGenModels</Filter>
    </ClInclude>
    <ClInclude Include="TIntegrator.h">
      <Filter>Headerdateien\IntegratorAndGenModels</Filter>
    </ClInclude>
    <ClInclude Include="Satelite.h">
      <Filter>Headerdateien\Satellites</Filter>
    </ClInclude>
    <ClInclude Include="NavSatellite.h">
      <Filter>Headerdateien\Satellites</Filter>
    </ClInclude>
    <ClInclude Include="UsrSatellite.h">
      <Filter>Headerdateien\Satellites</Filter>
    </ClInclude>
    <ClInclude Include="GeneralProcessModel.h">
      <Filter>Headerdateien\IntegratorAndGenModels</Filter>
    </ClInclude>
    <ClInclude Include="resource.h">
      <Filter>Headerdateien\Form</Filter>
    </ClInclude>
    <ClInclude Include="stdafx.h">
      <Filter>Headerdateien\Form</Filter>
    </ClInclude>
    <ClInclude Include="GLONASSsystem.h">
      <Filter>Headerdateien\Satellites</Filter>
    </ClInclude>
    <ClInclude Include="CalmanFilter.h">
      <Filter>Headerdateien\CalmanFilter</Filter>
    </ClInclude>
    <ClInclude Include="GPSSystem.h">
      <Filter>Headerdateien\Satellites</Filter>
    </ClInclude>
    <ClInclude Include="GausianExtention.h">
      <Filter>Headerdateien\CalmanFilter</Filter>
    </ClInclude>
    <ClInclude Include="WhiteNoiseModel.h">
      <Filter>Headerdateien\CalmanFilter</Filter>
    </ClInclude>
  </ItemGroup>
  <ItemGroup>
    <ResourceCompile Include="app.rc">
      <Filter>Ressourcendateien</Filter>
    </ResourceCompile>
  </ItemGroup>
  <ItemGroup>
    <ClCompile Include="GeneralProcessModel.cpp">
      <Filter>Quelldateien\IntegratorAndGenModels</Filter>
    </ClCompile>
    <ClCompile Include="TIntegrator.cpp">
      <Filter>Quelldateien\IntegratorAndGenModels</Filter>
    </ClCompile>
    <ClCompile Include="TMatrix_class.cpp">
      <Filter>Quelldateien\IntegratorAndGenModels</Filter>
    </ClCompile>
    <ClCompile Include="TModel.cpp">
      <Filter>Quelldateien\IntegratorAndGenModels</Filter>
    </ClCompile>
    <ClCompile Include="TQuaternion.cpp">
      <Filter>Quelldateien\IntegratorAndGenModels</Filter>
    </ClCompile>
    <ClCompile Include="TVector_class.cpp">
      <Filter>Quelldateien\IntegratorAndGenModels</Filter>
    </ClCompile>
    <ClCompile Include="NavSatellite.cpp">
      <Filter>Quelldateien\Satellites</Filter>
    </ClCompile>
    <ClCompile Include="Satelite.cpp">
      <Filter>Quelldateien\Satellites</Filter>
    </ClCompile>
    <ClCompile Include="UsrSatellite.cpp">
      <Filter>Quelldateien\Satellites</Filter>
    </ClCompile>
    <ClCompile Include="AssemblyInfo.cpp">
      <Filter>Quelldateien\Form</Filter>
    </ClCompile>
    <ClCompile Include="CppCLR_WinformsProjekt.cpp">
      <Filter>Quelldateien\Form</Filter>
    </ClCompile>
    <ClCompile Include="Form1.cpp">
      <Filter>Quelldateien\Form</Filter>
    </ClCompile>
    <ClCompile Include="stdafx.cpp">
      <Filter>Quelldateien\Form</Filter>
    </ClCompile>
    <ClCompile Include="GLONASSsystem.cpp">
      <Filter>Quelldateien\Satellites</Filter>
    </ClCompile>
    <ClCompile Include="GPSSystem.cpp">
      <Filter>Quelldateien\Satellites</Filter>
    </ClCompile>
    <ClCompile Include="CalmanFilter.cpp">
      <Filter>Quelldateien\CalmanFilter</Filter>
    </ClCompile>
    <ClCompile Include="GausianExtention.cpp">
      <Filter>Quelldateien\CalmanFilter</Filter>
    </ClCompile>
    <ClCompile Include="WhiteNoiseModel.cpp">
      <Filter>Quelldateien\CalmanFilter</Filter>
    </ClCompile>
  </ItemGroup>
  <ItemGroup>
    <Image Include="app.ico">
      <Filter>Ressourcendateien</Filter>
    </Image>
  </ItemGroup>
  <ItemGroup>
    <EmbeddedResource Include="Form1.resx">
      <Filter>Ressourcendateien</Filter>
    </EmbeddedResource>
  </ItemGroup>
</Project>